// !$*UTF8*$!
{
	archiveVersion = 1;
	classes = {
	};
	objectVersion = 46;
	objects = {

/* Begin PBXBuildFile section */
		DC073C551C81DA3800FE1D0D /* AppDelegate.swift in Sources */ = {isa = PBXBuildFile; fileRef = DC073C541C81DA3800FE1D0D /* AppDelegate.swift */; };
		DC073C571C81DA3800FE1D0D /* ViewController.swift in Sources */ = {isa = PBXBuildFile; fileRef = DC073C561C81DA3800FE1D0D /* ViewController.swift */; };
		DC073C5A1C81DA3800FE1D0D /* Main.storyboard in Resources */ = {isa = PBXBuildFile; fileRef = DC073C581C81DA3800FE1D0D /* Main.storyboard */; };
		DC073C5C1C81DA3800FE1D0D /* Assets.xcassets in Resources */ = {isa = PBXBuildFile; fileRef = DC073C5B1C81DA3800FE1D0D /* Assets.xcassets */; };
		DC073C5F1C81DA3800FE1D0D /* LaunchScreen.storyboard in Resources */ = {isa = PBXBuildFile; fileRef = DC073C5D1C81DA3800FE1D0D /* LaunchScreen.storyboard */; };
/* End PBXBuildFile section */

/* Begin PBXFileReference section */
		DC073C511C81DA3800FE1D0D /* SuperCool.app */ = {isa = PBXFileReference; explicitFileType = wrapper.application; includeInIndex = 0; path = SuperCool.app; sourceTree = BUILT_PRODUCTS_DIR; };
		DC073C541C81DA3800FE1D0D /* AppDelegate.swift */ = {isa = PBXFileReference; lastKnownFileType = sourcecode.swift; path = AppDelegate.swift; sourceTree = "<group>"; };
		DC073C561C81DA3800FE1D0D /* ViewController.swift */ = {isa = PBXFileReference; lastKnownFileType = sourcecode.swift; path = ViewController.swift; sourceTree = "<group>"; };
		DC073C591C81DA3800FE1D0D /* Base */ = {isa = PBXFileReference; lastKnownFileType = file.storyboard; name = Base; path = Base.lproj/Main.storyboard; sourceTree = "<group>"; };
		DC073C5B1C81DA3800FE1D0D /* Assets.xcassets */ = {isa = PBXFileReference; lastKnownFileType = folder.assetcatalog; path = Assets.xcassets; sourceTree = "<group>"; };
		DC073C5E1C81DA3800FE1D0D /* Base */ = {isa = PBXFileReference; lastKnownFileType = file.storyboard; name = Base; path = Base.lproj/LaunchScreen.storyboard; sourceTree = "<group>"; };
		DC073C601C81DA3800FE1D0D /* Info.plist */ = {isa = PBXFileReference; lastKnownFileType = text.plist.xml; path = Info.plist; sourceTree = "<group>"; };
/* End PBXFileReference section */

/* Begin PBXFrameworksBuildPhase section */
		DC073C4E1C81DA3800FE1D0D /* Frameworks */ = {
			isa = PBXFrameworksBuildPhase;
			buildActionMask = 2147483647;
			files = (
			);
			runOnlyForDeploymentPostprocessing = 0;
		};
/* End PBXFrameworksBuildPhase section */

/* Begin PBXGroup section */
		DC073C481C81DA3800FE1D0D = {
			isa = PBXGroup;
			children = (
				DC073C531C81DA3800FE1D0D /* SuperCool */,
				DC073C521C81DA3800FE1D0D /* Products */,
			);
			sourceTree = "<group>";
		};
		DC073C521C81DA3800FE1D0D /* Products */ = {
			isa = PBXGroup;
			children = (
				DC073C511C81DA3800FE1D0D /* SuperCool.app */,
			);
			name = Products;
			sourceTree = "<group>";
		};
		DC073C531C81DA3800FE1D0D /* SuperCool */ = {
			isa = PBXGroup;
			children = (
				DC073C541C81DA3800FE1D0D /* AppDelegate.swift */,
				DC073C561C81DA3800FE1D0D /* ViewController.swift */,
				DC073C581C81DA3800FE1D0D /* Main.storyboard */,
				DC073C5B1C81DA3800FE1D0D /* Assets.xcassets */,
				DC073C5D1C81DA3800FE1D0D /* LaunchScreen.storyboard */,
				DC073C601C81DA3800FE1D0D /* Info.plist */,
			);
			path = SuperCool;
			sourceTree = "<group>";
		};
/* End PBXGroup section */

/* Begin PBXNativeTarget section */
		DC073C501C81DA3800FE1D0D /* SuperCool */ = {
			isa = PBXNativeTarget;
			buildConfigurationList = DC073C631C81DA3800FE1D0D /* Build configuration list for PBXNativeTarget "SuperCool" */;
			buildPhases = (
				DC073C4D1C81DA3800FE1D0D /* Sources */,
				DC073C4E1C81DA3800FE1D0D /* Frameworks */,
				DC073C4F1C81DA3800FE1D0D /* Resources */,
			);
			buildRules = (
			);
			dependencies = (
			);
			name = SuperCool;
			productName = SuperCool;
			productReference = DC073C511C81DA3800FE1D0D /* SuperCool.app */;
			productType = "com.apple.product-type.application";
		};
/* End PBXNativeTarget section */

/* Begin PBXProject section */
		DC073C491C81DA3800FE1D0D /* Project object */ = {
			isa = PBXProject;
			attributes = {
				LastSwiftUpdateCheck = 0730;
				LastUpgradeCheck = 0730;
				ORGANIZATIONNAME = "Stephen Hampton";
				TargetAttributes = {
					DC073C501C81DA3800FE1D0D = {
						CreatedOnToolsVersion = 7.3;
					};
				};
			};
			buildConfigurationList = DC073C4C1C81DA3800FE1D0D /* Build configuration list for PBXProject "SuperCool" */;
			compatibilityVersion = "Xcode 3.2";
			developmentRegion = English;
			hasScannedForEncodings = 0;
			knownRegions = (
				en,
				Base,
			);
			mainGroup = DC073C481C81DA3800FE1D0D;
			productRefGroup = DC073C521C81DA3800FE1D0D /* Products */;
			projectDirPath = "";
			projectRoot = "";
			targets = (
				DC073C501C81DA3800FE1D0D /* SuperCool */,
			);
		};
/* End PBXProject section */

/* Begin PBXResourcesBuildPhase section */
		DC073C4F1C81DA3800FE1D0D /* Resources */ = {
			isa = PBXResourcesBuildPhase;
			buildActionMask = 2147483647;
			files = (
				DC073C5F1C81DA3800FE1D0D /* LaunchScreen.storyboard in Resources */,
				DC073C5C1C81DA3800FE1D0D /* Assets.xcassets in Resources */,
				DC073C5A1C81DA3800FE1D0D /* Main.storyboard in Resources */,
			);
			runOnlyForDeploymentPostprocessing = 0;
		};
/* End PBXResourcesBuildPhase section */

/* Begin PBXSourcesBuildPhase section */
		DC073C4D1C81DA3800FE1D0D /* Sources */ = {
			isa = PBXSourcesBuildPhase;
			buildActionMask = 2147483647;
			files = (
				DC073C571C81DA3800FE1D0D /* ViewController.swift in Sources */,
				DC073C551C81DA3800FE1D0D /* AppDelegate.swift in Sources */,
			);
			runOnlyForDeploymentPostprocessing = 0;
		};
/* End PBXSourcesBuildPhase section */

/* Begin PBXVariantGroup section */
		DC073C581C81DA3800FE1D0D /* Main.storyboard */ = {
			isa = PBXVariantGroup;
			children = (
				DC073C591C81DA3800FE1D0D /* Base */,
			);
			name = Main.storyboard;
			sourceTree = "<group>";
		};
		DC073C5D1C81DA3800FE1D0D /* LaunchScreen.storyboard */ = {
			isa = PBXVariantGroup;
			children = (
				DC073C5E1C81DA3800FE1D0D /* Base */,
			);
			name = LaunchScreen.storyboard;
			sourceTree = "<group>";
		};
/* End PBXVariantGroup section */

/* Begin XCBuildConfiguration section */
		DC073C611C81DA3800FE1D0D /* Debug */ = {
			isa = XCBuildConfiguration;
			buildSettings = {
				ALWAYS_SEARCH_USER_PATHS = NO;
				CLANG_ANALYZER_NONNULL = YES;
				CLANG_CXX_LANGUAGE_STANDARD = "gnu++0x";
				CLANG_CXX_LIBRARY = "libc++";
				CLANG_ENABLE_MODULES = YES;
				CLANG_ENABLE_OBJC_ARC = YES;
				CLANG_WARN_BOOL_CONVERSION = YES;
				CLANG_WARN_CONSTANT_CONVERSION = YES;
				CLANG_WARN_DIRECT_OBJC_ISA_USAGE = YES_ERROR;
				CLANG_WARN_EMPTY_BODY = YES;
				CLANG_WARN_ENUM_CONVERSION = YES;
				CLANG_WARN_INT_CONVERSION = YES;
				CLANG_WARN_OBJC_ROOT_CLASS = YES_ERROR;
				CLANG_WARN_UNREACHABLE_CODE = YES;
				CLANG_WARN__DUPLICATE_METHOD_MATCH = YES;
				"CODE_SIGN_IDENTITY[sdk=iphoneos*]" = "iPhone Developer";
				COPY_PHASE_STRIP = NO;
				DEBUG_INFORMATION_FORMAT = dwarf;
				ENABLE_STRICT_OBJC_MSGSEND = YES;
				ENABLE_TESTABILITY = YES;
				GCC_C_LANGUAGE_STANDARD = gnu99;
				GCC_DYNAMIC_NO_PIC = NO;
				GCC_NO_COMMON_BLOCKS = YES;
				GCC_OPTIMIZATION_LEVEL = 0;
				GCC_PREPROCESSOR_DEFINITIONS = (
					"DEBUG=1",
					"$(inherited)",
				);
				GCC_WARN_64_TO_32_BIT_CONVERSION = YES;
				GCC_WARN_ABOUT_RETURN_TYPE = YES_ERROR;
				GCC_WARN_UNDECLARED_SELECTOR = YES;
				GCC_WARN_UNINITIALIZED_AUTOS = YES_AGGRESSIVE;
				GCC_WARN_UNUSED_FUNCTION = YES;
				GCC_WARN_UNUSED_VARIABLE = YES;
				IPHONEOS_DEPLOYMENT_TARGET = 9.3;
				MTL_ENABLE_DEBUG_INFO = YES;
				ONLY_ACTIVE_ARCH = YES;
				SDKROOT = iphoneos;
				SWIFT_OPTIMIZATION_LEVEL = "-Onone";
			};
			name = Debug;
		};
		DC073C621C81DA3800FE1D0D /* Release */ = {
			isa = XCBuildConfiguration;
			buildSettings = {
				ALWAYS_SEARCH_USER_PATHS = NO;
				CLANG_ANALYZER_NONNULL = YES;
				CLANG_CXX_LANGUAGE_STANDARD = "gnu++0x";
				CLANG_CXX_LIBRARY = "libc++";
				CLANG_ENABLE_MODULES = YES;
				CLANG_ENABLE_OBJC_ARC = YES;
				CLANG_WARN_BOOL_CONVERSION = YES;
				CLANG_WARN_CONSTANT_CONVERSION = YES;
				CLANG_WARN_DIRECT_OBJC_ISA_USAGE = YES_ERROR;
				CLANG_WARN_EMPTY_BODY = YES;
				CLANG_WARN_ENUM_CONVERSION = YES;
				CLANG_WARN_INT_CONVERSION = YES;
				CLANG_WARN_OBJC_ROOT_CLASS = YES_ERROR;
				CLANG_WARN_UNREACHABLE_CODE = YES;
				CLANG_WARN__DUPLICATE_METHOD_MATCH = YES;
				"CODE_SIGN_IDENTITY[sdk=iphoneos*]" = "iPhone Developer";
				COPY_PHASE_STRIP = NO;
				DEBUG_INFORMATION_FORMAT = "dwarf-with-dsym";
				ENABLE_NS_ASSERTIONS = NO;
				ENABLE_STRICT_OBJC_MSGSEND = YES;
				GCC_C_LANGUAGE_STANDARD = gnu99;
				GCC_NO_COMMON_BLOCKS = YES;
				GCC_WARN_64_TO_32_BIT_CONVERSION = YES;
				GCC_WARN_ABOUT_RETURN_TYPE = YES_ERROR;
				GCC_WARN_UNDECLARED_SELECTOR = YES;
				GCC_WARN_UNINITIALIZED_AUTOS = YES_AGGRESSIVE;
				GCC_WARN_UNUSED_FUNCTION = YES;
				GCC_WARN_UNUSED_VARIABLE = YES;
				IPHONEOS_DEPLOYMENT_TARGET = 9.3;
				MTL_ENABLE_DEBUG_INFO = NO;
				SDKROOT = iphoneos;
				VALIDATE_PRODUCT = YES;
			};
			name = Release;
		};
		DC073C641C81DA3800FE1D0D /* Debug */ = {
			isa = XCBuildConfiguration;
			buildSettings = {
				ASSETCATALOG_COMPILER_APPICON_NAME = AppIcon;
				INFOPLIST_FILE = SuperCool/Info.plist;
				LD_RUNPATH_SEARCH_PATHS = "$(inherited) @executable_path/Frameworks";
				PRODUCT_BUNDLE_IDENTIFIER = com.shampton.SuperCool;
				PRODUCT_NAME = "$(TARGET_NAME)";
			};
			name = Debug;
		};
		DC073C651C81DA3800FE1D0D /* Release */ = {
			isa = XCBuildConfiguration;
			buildSettings = {
				ASSETCATALOG_COMPILER_APPICON_NAME = AppIcon;
				INFOPLIST_FILE = SuperCool/Info.plist;
				LD_RUNPATH_SEARCH_PATHS = "$(inherited) @executable_path/Frameworks";
				PRODUCT_BUNDLE_IDENTIFIER = com.shampton.SuperCool;
				PRODUCT_NAME = "$(TARGET_NAME)";
			};
			name = Release;
		};
/* End XCBuildConfiguration section */

/* Begin XCConfigurationList section */
		DC073C4C1C81DA3800FE1D0D /* Build configuration list for PBXProject "SuperCool" */ = {
			isa = XCConfigurationList;
			buildConfigurations = (
				DC073C611C81DA3800FE1D0D /* Debug */,
				DC073C621C81DA3800FE1D0D /* Release */,
			);
			defaultConfigurationIsVisible = 0;
			defaultConfigurationName = Release;
		};
		DC073C631C81DA3800FE1D0D /* Build configuration list for PBXNativeTarget "SuperCool" */ = {
			isa = XCConfigurationList;
			buildConfigurations = (
				DC073C641C81DA3800FE1D0D /* Debug */,
				DC073C651C81DA3800FE1D0D /* Release */,
			);
			defaultConfigurationIsVisible = 0;
		};
/* End XCConfigurationList section */
	};
	rootObject = DC073C491C81DA3800FE1D0D /* Project object */;
}
